
Microsoft Visual Studio Solution File, Format Version 12.00
# Visual Studio 15
VisualStudioVersion = 15.0.27428.2002
MinimumVisualStudioVersion = 10.0.40219.1
Project("{FAE04EC0-301F-11D3-BF4B-00C04F79EFBC}") = "my8.Assistant", "my8.Assistant\my8.Assistant.csproj", "{D8514F08-9C21-401E-A3F6-57E9BD0519AA}"
EndProject
Global
	GlobalSection(SolutionConfigurationPlatforms) = preSolution
		Debug|Any CPU = Debug|Any CPU
		Release|Any CPU = Release|Any CPU
	EndGlobalSection
	GlobalSection(ProjectConfigurationPlatforms) = postSolution
		{D8514F08-9C21-401E-A3F6-57E9BD0519AA}.Debug|Any CPU.ActiveCfg = Debug|Any CPU
		{D8514F08-9C21-401E-A3F6-57E9BD0519AA}.Debug|Any CPU.Build.0 = Debug|Any CPU
		{D8514F08-9C21-401E-A3F6-57E9BD0519AA}.Release|Any CPU.ActiveCfg = Release|Any CPU
		{D8514F08-9C21-401E-A3F6-57E9BD0519AA}.Release|Any CPU.Build.0 = Release|Any CPU
	EndGlobalSection
	GlobalSection(SolutionProperties) = preSolution
		HideSolutionNode = FALSE
	EndGlobalSection
	GlobalSection(ExtensibilityGlobals) = postSolution
		SolutionGuid = {A6999253-53BB-48F2-AC75-C11B8CAB83E9}
	EndGlobalSection
EndGlobal
